
Microsoft Visual Studio Solution File, Format Version 12.00
# Visual Studio 15
VisualStudioVersion = 15.0.28307.136
MinimumVisualStudioVersion = 10.0.40219.1
Project("{9A19103F-16F7-4668-BE54-9A1E7A4F7556}") = "BookLoan", "BookLoan.csproj", "{AB44695B-6138-4527-B944-94BBE5DFB3C3}"
EndProject
Project("{E53339B2-1760-4266-BCC7-CA923CBCF16C}") = "docker-compose", "docker-compose.dcproj", "{8AD53CF9-5360-44F5-AFDF-BB6D3086F821}"
EndProject
Global
	GlobalSection(SolutionConfigurationPlatforms) = preSolution
		Debug|Any CPU = Debug|Any CPU
		Release|Any CPU = Release|Any CPU
	EndGlobalSection
	GlobalSection(ProjectConfigurationPlatforms) = postSolution
		{AB44695B-6138-4527-B944-94BBE5DFB3C3}.Debug|Any CPU.ActiveCfg = Debug|Any CPU
		{AB44695B-6138-4527-B944-94BBE5DFB3C3}.Debug|Any CPU.Build.0 = Debug|Any CPU
		{AB44695B-6138-4527-B944-94BBE5DFB3C3}.Release|Any CPU.ActiveCfg = Release|Any CPU
		{AB44695B-6138-4527-B944-94BBE5DFB3C3}.Release|Any CPU.Build.0 = Release|Any CPU
		{8AD53CF9-5360-44F5-AFDF-BB6D3086F821}.Debug|Any CPU.ActiveCfg = Debug|Any CPU
		{8AD53CF9-5360-44F5-AFDF-BB6D3086F821}.Debug|Any CPU.Build.0 = Debug|Any CPU
		{8AD53CF9-5360-44F5-AFDF-BB6D3086F821}.Release|Any CPU.ActiveCfg = Release|Any CPU
		{8AD53CF9-5360-44F5-AFDF-BB6D3086F821}.Release|Any CPU.Build.0 = Release|Any CPU
	EndGlobalSection
	GlobalSection(SolutionProperties) = preSolution
		HideSolutionNode = FALSE
	EndGlobalSection
	GlobalSection(ExtensibilityGlobals) = postSolution
		SolutionGuid = {7496F81B-40F3-4EE8-AB4B-4A60D8ABC41E}
	EndGlobalSection
EndGlobal
